// !$*UTF8*$!
{
	archiveVersion = 1;
	classes = {
	};
	objectVersion = 56;
	objects = {

/* Begin PBXBuildFile section */
		1A428CC92B59A465004B98F4 /* terms.html in Resources */ = {isa = PBXBuildFile; fileRef = 1A428CC82B59A465004B98F4 /* terms.html */; };
		1A428CCB2B601B70004B98F4 /* faq.html in Resources */ = {isa = PBXBuildFile; fileRef = 1A428CCA2B601B70004B98F4 /* faq.html */; };
		1A434ED72B2DB0E5003CC180 /* TrackingViewModel.swift in Sources */ = {isa = PBXBuildFile; fileRef = 1A434E7F2B2DB0E5003CC180 /* TrackingViewModel.swift */; };
		1A434ED82B2DB0E5003CC180 /* SettingViewModel.swift in Sources */ = {isa = PBXBuildFile; fileRef = 1A434E802B2DB0E5003CC180 /* SettingViewModel.swift */; };
		1A434ED92B2DB0E5003CC180 /* RequestViewModel.swift in Sources */ = {isa = PBXBuildFile; fileRef = 1A434E812B2DB0E5003CC180 /* RequestViewModel.swift */; };
		1A434EDC2B2DB0E5003CC180 /* SigninViewModel.swift in Sources */ = {isa = PBXBuildFile; fileRef = 1A434E842B2DB0E5003CC180 /* SigninViewModel.swift */; };
		1A434EDD2B2DB0E5003CC180 /* Storyboarded.swift in Sources */ = {isa = PBXBuildFile; fileRef = 1A434E862B2DB0E5003CC180 /* Storyboarded.swift */; };
		1A434EDE2B2DB0E5003CC180 /* MainCoordinator.swift in Sources */ = {isa = PBXBuildFile; fileRef = 1A434E872B2DB0E5003CC180 /* MainCoordinator.swift */; };
		1A434EDF2B2DB0E5003CC180 /* Coordinator.swift in Sources */ = {isa = PBXBuildFile; fileRef = 1A434E882B2DB0E5003CC180 /* Coordinator.swift */; };
		1A434EE02B2DB0E5003CC180 /* Device+Type.swift in Sources */ = {isa = PBXBuildFile; fileRef = 1A434E8A2B2DB0E5003CC180 /* Device+Type.swift */; };
		1A434EE12B2DB0E5003CC180 /* UIImageView+Extensions.swift in Sources */ = {isa = PBXBuildFile; fileRef = 1A434E8B2B2DB0E5003CC180 /* UIImageView+Extensions.swift */; };
		1A434EE22B2DB0E5003CC180 /* CustomTextField+Extention.swift in Sources */ = {isa = PBXBuildFile; fileRef = 1A434E8C2B2DB0E5003CC180 /* CustomTextField+Extention.swift */; };
		1A434EE32B2DB0E5003CC180 /* UIView+Extensions.swift in Sources */ = {isa = PBXBuildFile; fileRef = 1A434E8D2B2DB0E5003CC180 /* UIView+Extensions.swift */; };
		1A434EE42B2DB0E5003CC180 /* String+Extensions.swift in Sources */ = {isa = PBXBuildFile; fileRef = 1A434E8E2B2DB0E5003CC180 /* String+Extensions.swift */; };
		1A434EE52B2DB0E5003CC180 /* CustomLabel+Extention.swift in Sources */ = {isa = PBXBuildFile; fileRef = 1A434E8F2B2DB0E5003CC180 /* CustomLabel+Extention.swift */; };
		1A434EE62B2DB0E5003CC180 /* CustomTextView+Extention.swift in Sources */ = {isa = PBXBuildFile; fileRef = 1A434E902B2DB0E5003CC180 /* CustomTextView+Extention.swift */; };
		1A434EE72B2DB0E5003CC180 /* Extension.swift in Sources */ = {isa = PBXBuildFile; fileRef = 1A434E912B2DB0E5003CC180 /* Extension.swift */; };
		1A434EE82B2DB0E5003CC180 /* UITableView+Additions.swift in Sources */ = {isa = PBXBuildFile; fileRef = 1A434E922B2DB0E5003CC180 /* UITableView+Additions.swift */; };
		1A434EE92B2DB0E5003CC180 /* View+Shadow.swift in Sources */ = {isa = PBXBuildFile; fileRef = 1A434E932B2DB0E5003CC180 /* View+Shadow.swift */; };
		1A434EEA2B2DB0E5003CC180 /* CustomButton+Extention.swift in Sources */ = {isa = PBXBuildFile; fileRef = 1A434E942B2DB0E5003CC180 /* CustomButton+Extention.swift */; };
		1A434EEB2B2DB0E5003CC180 /* Assets.xcassets in Resources */ = {isa = PBXBuildFile; fileRef = 1A434E952B2DB0E5003CC180 /* Assets.xcassets */; };
		1A434EEC2B2DB0E5003CC180 /* Constants.swift in Sources */ = {isa = PBXBuildFile; fileRef = 1A434E972B2DB0E5003CC180 /* Constants.swift */; };
		1A434EED2B2DB0E5003CC180 /* AppGuide.swift in Sources */ = {isa = PBXBuildFile; fileRef = 1A434E982B2DB0E5003CC180 /* AppGuide.swift */; };
		1A434EEE2B2DB0E5003CC180 /* RTCustomAlert.swift in Sources */ = {isa = PBXBuildFile; fileRef = 1A434E9A2B2DB0E5003CC180 /* RTCustomAlert.swift */; };
		1A434EEF2B2DB0E5003CC180 /* RTCustomAlert.xib in Resources */ = {isa = PBXBuildFile; fileRef = 1A434E9B2B2DB0E5003CC180 /* RTCustomAlert.xib */; };
		1A434EF02B2DB0E5003CC180 /* CurrentUserInfo.swift in Sources */ = {isa = PBXBuildFile; fileRef = 1A434E9C2B2DB0E5003CC180 /* CurrentUserInfo.swift */; };
		1A434EF12B2DB0E5003CC180 /* Text+Attributed.swift in Sources */ = {isa = PBXBuildFile; fileRef = 1A434E9D2B2DB0E5003CC180 /* Text+Attributed.swift */; };
		1A434EF22B2DB0E5003CC180 /* RPicker.swift in Sources */ = {isa = PBXBuildFile; fileRef = 1A434E9E2B2DB0E5003CC180 /* RPicker.swift */; };
		1A434EF32B2DB0E6003CC180 /* Utility.swift in Sources */ = {isa = PBXBuildFile; fileRef = 1A434E9F2B2DB0E5003CC180 /* Utility.swift */; };
		1A434EF42B2DB0E6003CC180 /* Helper.swift in Sources */ = {isa = PBXBuildFile; fileRef = 1A434EA02B2DB0E5003CC180 /* Helper.swift */; };
		1A434EF52B2DB0E6003CC180 /* Configuration.swift in Sources */ = {isa = PBXBuildFile; fileRef = 1A434EA12B2DB0E5003CC180 /* Configuration.swift */; };
		1A434EF72B2DB0E6003CC180 /* LaunchScreen.storyboard in Resources */ = {isa = PBXBuildFile; fileRef = 1A434EA32B2DB0E5003CC180 /* LaunchScreen.storyboard */; };
		1A434EF82B2DB0E6003CC180 /* Main.storyboard in Resources */ = {isa = PBXBuildFile; fileRef = 1A434EA52B2DB0E5003CC180 /* Main.storyboard */; };
		1A434EF92B2DB0E6003CC180 /* APIHelper.swift in Sources */ = {isa = PBXBuildFile; fileRef = 1A434EA72B2DB0E5003CC180 /* APIHelper.swift */; };
		1A434EFA2B2DB0E6003CC180 /* NetworkManager.swift in Sources */ = {isa = PBXBuildFile; fileRef = 1A434EA82B2DB0E5003CC180 /* NetworkManager.swift */; };
		1A434EFB2B2DB0E6003CC180 /* Reachability.swift in Sources */ = {isa = PBXBuildFile; fileRef = 1A434EA92B2DB0E5003CC180 /* Reachability.swift */; };
		1A434EFC2B2DB0E6003CC180 /* APIsEndPoint.swift in Sources */ = {isa = PBXBuildFile; fileRef = 1A434EAA2B2DB0E5003CC180 /* APIsEndPoint.swift */; };
		1A434EFD2B2DB0E6003CC180 /* BaseViewController.swift in Sources */ = {isa = PBXBuildFile; fileRef = 1A434EAC2B2DB0E5003CC180 /* BaseViewController.swift */; };
		1A434F002B2DB0E6003CC180 /* PresentedViewController.swift in Sources */ = {isa = PBXBuildFile; fileRef = 1A434EB22B2DB0E5003CC180 /* PresentedViewController.swift */; };
		1A434F022B2DB0E6003CC180 /* LocationViewController.swift in Sources */ = {isa = PBXBuildFile; fileRef = 1A434EB42B2DB0E5003CC180 /* LocationViewController.swift */; };
		1A434F032B2DB0E6003CC180 /* HomeViewController.swift in Sources */ = {isa = PBXBuildFile; fileRef = 1A434EB52B2DB0E5003CC180 /* HomeViewController.swift */; };
		1A434F052B2DB0E6003CC180 /* WKWebViewController.swift in Sources */ = {isa = PBXBuildFile; fileRef = 1A434EB72B2DB0E5003CC180 /* WKWebViewController.swift */; };
		1A434F062B2DB0E6003CC180 /* RequestListViewController.swift in Sources */ = {isa = PBXBuildFile; fileRef = 1A434EB82B2DB0E5003CC180 /* RequestListViewController.swift */; };
		1A434F082B2DB0E6003CC180 /* SideMenuTableViewController.swift in Sources */ = {isa = PBXBuildFile; fileRef = 1A434EBA2B2DB0E5003CC180 /* SideMenuTableViewController.swift */; };
		1A434F0A2B2DB0E6003CC180 /* SigninViewController.swift in Sources */ = {isa = PBXBuildFile; fileRef = 1A434EBC2B2DB0E5003CC180 /* SigninViewController.swift */; };
		1A434F0D2B2DB0E6003CC180 /* SettingCell.xib in Resources */ = {isa = PBXBuildFile; fileRef = 1A434EC22B2DB0E5003CC180 /* SettingCell.xib */; };
		1A434F0E2B2DB0E6003CC180 /* SettingCell.swift in Sources */ = {isa = PBXBuildFile; fileRef = 1A434EC32B2DB0E5003CC180 /* SettingCell.swift */; };
		1A434F0F2B2DB0E6003CC180 /* UserNameCell.xib in Resources */ = {isa = PBXBuildFile; fileRef = 1A434EC52B2DB0E5003CC180 /* UserNameCell.xib */; };
		1A434F102B2DB0E6003CC180 /* UserNameCell.swift in Sources */ = {isa = PBXBuildFile; fileRef = 1A434EC62B2DB0E5003CC180 /* UserNameCell.swift */; };
		1A434F112B2DB0E6003CC180 /* TrackingCell.xib in Resources */ = {isa = PBXBuildFile; fileRef = 1A434EC82B2DB0E5003CC180 /* TrackingCell.xib */; };
		1A434F122B2DB0E6003CC180 /* TrackingCell.swift in Sources */ = {isa = PBXBuildFile; fileRef = 1A434EC92B2DB0E5003CC180 /* TrackingCell.swift */; };
		1A434F132B2DB0E6003CC180 /* SigninInfoModel.swift in Sources */ = {isa = PBXBuildFile; fileRef = 1A434ECB2B2DB0E5003CC180 /* SigninInfoModel.swift */; };
		1A434F142B2DB0E6003CC180 /* AppDelegate.swift in Sources */ = {isa = PBXBuildFile; fileRef = 1A434ECC2B2DB0E5003CC180 /* AppDelegate.swift */; };
		1A434F152B2DB0E6003CC180 /* Poppins-ExtraLight.ttf in Resources */ = {isa = PBXBuildFile; fileRef = 1A434ECE2B2DB0E5003CC180 /* Poppins-ExtraLight.ttf */; };
		1A434F162B2DB0E6003CC180 /* Poppins-Light.ttf in Resources */ = {isa = PBXBuildFile; fileRef = 1A434ECF2B2DB0E5003CC180 /* Poppins-Light.ttf */; };
		1A434F172B2DB0E6003CC180 /* Poppins-Medium.ttf in Resources */ = {isa = PBXBuildFile; fileRef = 1A434ED02B2DB0E5003CC180 /* Poppins-Medium.ttf */; };
		1A434F182B2DB0E6003CC180 /* ReggaeOne-Regular.ttf in Resources */ = {isa = PBXBuildFile; fileRef = 1A434ED12B2DB0E5003CC180 /* ReggaeOne-Regular.ttf */; };
		1A434F192B2DB0E6003CC180 /* Poppins-Regular.ttf in Resources */ = {isa = PBXBuildFile; fileRef = 1A434ED22B2DB0E5003CC180 /* Poppins-Regular.ttf */; };
		1A434F1A2B2DB0E6003CC180 /* Poppins-Bold.ttf in Resources */ = {isa = PBXBuildFile; fileRef = 1A434ED32B2DB0E5003CC180 /* Poppins-Bold.ttf */; };
		1A434F1B2B2DB0E6003CC180 /* Poppins-Thin.ttf in Resources */ = {isa = PBXBuildFile; fileRef = 1A434ED42B2DB0E5003CC180 /* Poppins-Thin.ttf */; };
		1A434F1C2B2DB0E6003CC180 /* Poppins-SemiBold.ttf in Resources */ = {isa = PBXBuildFile; fileRef = 1A434ED52B2DB0E5003CC180 /* Poppins-SemiBold.ttf */; };
		1A434F252B2DB5C6003CC180 /* GoogleService-Info.plist in Resources */ = {isa = PBXBuildFile; fileRef = 1A434F242B2DB5C6003CC180 /* GoogleService-Info.plist */; };
		1A434F282B2DF09D003CC180 /* SigninCell.swift in Sources */ = {isa = PBXBuildFile; fileRef = 1A434F262B2DF09B003CC180 /* SigninCell.swift */; };
		1A434F292B2DF09D003CC180 /* SigninCell.xib in Resources */ = {isa = PBXBuildFile; fileRef = 1A434F272B2DF09D003CC180 /* SigninCell.xib */; };
		1A434F2D2B2E129D003CC180 /* ForgotPasswordViewController.swift in Sources */ = {isa = PBXBuildFile; fileRef = 1A434F2C2B2E129D003CC180 /* ForgotPasswordViewController.swift */; };
		1A434F2F2B2E12D8003CC180 /* ForgotPasswordViewModel.swift in Sources */ = {isa = PBXBuildFile; fileRef = 1A434F2E2B2E12D8003CC180 /* ForgotPasswordViewModel.swift */; };
		1A434F312B2E1307003CC180 /* ForgotPasswordModel.swift in Sources */ = {isa = PBXBuildFile; fileRef = 1A434F302B2E1307003CC180 /* ForgotPasswordModel.swift */; };
		1A434F332B2F4A22003CC180 /* SignupViewController.swift in Sources */ = {isa = PBXBuildFile; fileRef = 1A434F322B2F4A21003CC180 /* SignupViewController.swift */; };
		1A434F352B2F4A7C003CC180 /* SignupViewModel.swift in Sources */ = {isa = PBXBuildFile; fileRef = 1A434F342B2F4A7B003CC180 /* SignupViewModel.swift */; };
		1A434F372B2F4BAC003CC180 /* SignupInfoModel.swift in Sources */ = {isa = PBXBuildFile; fileRef = 1A434F362B2F4BAC003CC180 /* SignupInfoModel.swift */; };
		1A5000D42BA69C6400F960C7 /* AddressViewController.swift in Sources */ = {isa = PBXBuildFile; fileRef = 1A5000D32BA69C6400F960C7 /* AddressViewController.swift */; };
		1A5000D62BA69CA000F960C7 /* AddressViewModel.swift in Sources */ = {isa = PBXBuildFile; fileRef = 1A5000D52BA69CA000F960C7 /* AddressViewModel.swift */; };
		1A5A43A42B400864008118B8 /* RequestListViewModal.swift in Sources */ = {isa = PBXBuildFile; fileRef = 1A5A43A32B400864008118B8 /* RequestListViewModal.swift */; };
		1A7A49012B31F48F006C058D /* ProfileViewModal.swift in Sources */ = {isa = PBXBuildFile; fileRef = 1A7A49002B31F48F006C058D /* ProfileViewModal.swift */; };
		1A7A49032B329203006C058D /* ImagePickerManager.swift in Sources */ = {isa = PBXBuildFile; fileRef = 1A7A49022B329203006C058D /* ImagePickerManager.swift */; };
		1A9C7FA42B6808F900586D5F /* terms.pdf in Resources */ = {isa = PBXBuildFile; fileRef = 1A9C7FA32B6808F900586D5F /* terms.pdf */; };
		1AA0870F2B5296B3007127DA /* ChangePasswordViewController.swift in Sources */ = {isa = PBXBuildFile; fileRef = 1AA0870E2B5296B3007127DA /* ChangePasswordViewController.swift */; };
		1AA087112B5298B0007127DA /* ChangePasswordViewModal.swift in Sources */ = {isa = PBXBuildFile; fileRef = 1AA087102B5298B0007127DA /* ChangePasswordViewModal.swift */; };
		1AA087172B53A791007127DA /* UpdateProfileViewController.swift in Sources */ = {isa = PBXBuildFile; fileRef = 1AA087162B53A791007127DA /* UpdateProfileViewController.swift */; };
		1AA087192B53A9A6007127DA /* UpdateProfileViewModal.swift in Sources */ = {isa = PBXBuildFile; fileRef = 1AA087182B53A9A6007127DA /* UpdateProfileViewModal.swift */; };
		1AA8138F2B450FD400F83DDA /* RequestCell.xib in Resources */ = {isa = PBXBuildFile; fileRef = 1AA8138D2B450FD400F83DDA /* RequestCell.xib */; };
		1AA813902B450FD400F83DDA /* RequestCell.swift in Sources */ = {isa = PBXBuildFile; fileRef = 1AA8138E2B450FD400F83DDA /* RequestCell.swift */; };
		1AABD1982B33DCC40086D429 /* JobViewController.swift in Sources */ = {isa = PBXBuildFile; fileRef = 1AABD1972B33DCC40086D429 /* JobViewController.swift */; };
		1AABD19A2B33EB4F0086D429 /* CustomAnnotation.swift in Sources */ = {isa = PBXBuildFile; fileRef = 1AABD1992B33EB4F0086D429 /* CustomAnnotation.swift */; };
		1AABD19C2B33EE200086D429 /* LocationViewModel.swift in Sources */ = {isa = PBXBuildFile; fileRef = 1AABD19B2B33EE200086D429 /* LocationViewModel.swift */; };
		1AB5B60C2B312D84002586D2 /* EmailVerificationViewController.swift in Sources */ = {isa = PBXBuildFile; fileRef = 1AB5B60B2B312D84002586D2 /* EmailVerificationViewController.swift */; };
		1AC5B5222B3730AD00E04703 /* HomeViewModal.swift in Sources */ = {isa = PBXBuildFile; fileRef = 1AC5B5212B3730AD00E04703 /* HomeViewModal.swift */; };
		1AD0A49E2B75380D008E5ED8 /* CodeRequestViewController.swift in Sources */ = {isa = PBXBuildFile; fileRef = 1AD0A49D2B75380D008E5ED8 /* CodeRequestViewController.swift */; };
		1AD0A4A02B753BF5008E5ED8 /* VerifyRequestCodeController.swift in Sources */ = {isa = PBXBuildFile; fileRef = 1AD0A49F2B753BF5008E5ED8 /* VerifyRequestCodeController.swift */; };
		88FAA8D42DB2DEC80005BBBC /* ProfileViewController.swift in Sources */ = {isa = PBXBuildFile; fileRef = 88FAA8D32DB2DEC80005BBBC /* ProfileViewController.swift */; };
		BF60380D2B4A7BE90061F950 /* Location4.gpx in Resources */ = {isa = PBXBuildFile; fileRef = BF6038092B4A7BE90061F950 /* Location4.gpx */; };
		BF60380E2B4A7BE90061F950 /* Location3.gpx in Resources */ = {isa = PBXBuildFile; fileRef = BF60380A2B4A7BE90061F950 /* Location3.gpx */; };
		BF60380F2B4A7BE90061F950 /* Location2.gpx in Resources */ = {isa = PBXBuildFile; fileRef = BF60380B2B4A7BE90061F950 /* Location2.gpx */; };
		BF6038102B4A7BE90061F950 /* Location1.gpx in Resources */ = {isa = PBXBuildFile; fileRef = BF60380C2B4A7BE90061F950 /* Location1.gpx */; };
		BF8393B22BCC40A8004F61A9 /* PrivacyInfo.xcprivacy in Resources */ = {isa = PBXBuildFile; fileRef = BF8393B12BCC404A004F61A9 /* PrivacyInfo.xcprivacy */; };
		BFA9843C2BE7A41200475EA8 /* HandoverAddressViewController.swift in Sources */ = {isa = PBXBuildFile; fileRef = BFA9843B2BE7A41200475EA8 /* HandoverAddressViewController.swift */; };
		BFC560182B63F89300A3B47B /* Location5.gpx in Resources */ = {isa = PBXBuildFile; fileRef = BFC560172B63F89300A3B47B /* Location5.gpx */; };
		BFC5601A2B63FBE900A3B47B /* Location6.gpx in Resources */ = {isa = PBXBuildFile; fileRef = BFC560192B63FBE900A3B47B /* Location6.gpx */; };
		BFE56B132BAAEF8E0055DB60 /* DiagnosisGPSViewController.swift in Sources */ = {isa = PBXBuildFile; fileRef = BFE56B122BAAEF8E0055DB60 /* DiagnosisGPSViewController.swift */; };
		FA93BA37F20814492341CB31 /* Pods_TICProvider.framework in Frameworks */ = {isa = PBXBuildFile; fileRef = 213680FE7681BC84DDF541A7 /* Pods_TICProvider.framework */; };
/* End PBXBuildFile section */

/* Begin PBXFileReference section */
		1A428CC82B59A465004B98F4 /* terms.html */ = {isa = PBXFileReference; lastKnownFileType = text.html; path = terms.html; sourceTree = "<group>"; };
		1A428CCA2B601B70004B98F4 /* faq.html */ = {isa = PBXFileReference; lastKnownFileType = text.html; path = faq.html; sourceTree = "<group>"; };
		1A434E662B2DAED5003CC180 /* TICProvider.app */ = {isa = PBXFileReference; explicitFileType = wrapper.application; includeInIndex = 0; path = TICProvider.app; sourceTree = BUILT_PRODUCTS_DIR; };
		1A434E7F2B2DB0E5003CC180 /* TrackingViewModel.swift */ = {isa = PBXFileReference; fileEncoding = 4; lastKnownFileType = sourcecode.swift; path = TrackingViewModel.swift; sourceTree = "<group>"; };
		1A434E802B2DB0E5003CC180 /* SettingViewModel.swift */ = {isa = PBXFileReference; fileEncoding = 4; lastKnownFileType = sourcecode.swift; path = SettingViewModel.swift; sourceTree = "<group>"; };
		1A434E812B2DB0E5003CC180 /* RequestViewModel.swift */ = {isa = PBXFileReference; fileEncoding = 4; lastKnownFileType = sourcecode.swift; path = RequestViewModel.swift; sourceTree = "<group>"; };
		1A434E842B2DB0E5003CC180 /* SigninViewModel.swift */ = {isa = PBXFileReference; fileEncoding = 4; lastKnownFileType = sourcecode.swift; path = SigninViewModel.swift; sourceTree = "<group>"; };
		1A434E862B2DB0E5003CC180 /* Storyboarded.swift */ = {isa = PBXFileReference; fileEncoding = 4; lastKnownFileType = sourcecode.swift; path = Storyboarded.swift; sourceTree = "<group>"; };
		1A434E872B2DB0E5003CC180 /* MainCoordinator.swift */ = {isa = PBXFileReference; fileEncoding = 4; lastKnownFileType = sourcecode.swift; path = MainCoordinator.swift; sourceTree = "<group>"; };
		1A434E882B2DB0E5003CC180 /* Coordinator.swift */ = {isa = PBXFileReference; fileEncoding = 4; lastKnownFileType = sourcecode.swift; path = Coordinator.swift; sourceTree = "<group>"; };
		1A434E8A2B2DB0E5003CC180 /* Device+Type.swift */ = {isa = PBXFileReference; fileEncoding = 4; lastKnownFileType = sourcecode.swift; path = "Device+Type.swift"; sourceTree = "<group>"; };
		1A434E8B2B2DB0E5003CC180 /* UIImageView+Extensions.swift */ = {isa = PBXFileReference; fileEncoding = 4; lastKnownFileType = sourcecode.swift; path = "UIImageView+Extensions.swift"; sourceTree = "<group>"; };
		1A434E8C2B2DB0E5003CC180 /* CustomTextField+Extention.swift */ = {isa = PBXFileReference; fileEncoding = 4; lastKnownFileType = sourcecode.swift; path = "CustomTextField+Extention.swift"; sourceTree = "<group>"; };
		1A434E8D2B2DB0E5003CC180 /* UIView+Extensions.swift */ = {isa = PBXFileReference; fileEncoding = 4; lastKnownFileType = sourcecode.swift; path = "UIView+Extensions.swift"; sourceTree = "<group>"; };
		1A434E8E2B2DB0E5003CC180 /* String+Extensions.swift */ = {isa = PBXFileReference; fileEncoding = 4; lastKnownFileType = sourcecode.swift; path = "String+Extensions.swift"; sourceTree = "<group>"; };
		1A434E8F2B2DB0E5003CC180 /* CustomLabel+Extention.swift */ = {isa = PBXFileReference; fileEncoding = 4; lastKnownFileType = sourcecode.swift; path = "CustomLabel+Extention.swift"; sourceTree = "<group>"; };
		1A434E902B2DB0E5003CC180 /* CustomTextView+Extention.swift */ = {isa = PBXFileReference; fileEncoding = 4; lastKnownFileType = sourcecode.swift; path = "CustomTextView+Extention.swift"; sourceTree = "<group>"; };
		1A434E912B2DB0E5003CC180 /* Extension.swift */ = {isa = PBXFileReference; fileEncoding = 4; lastKnownFileType = sourcecode.swift; path = Extension.swift; sourceTree = "<group>"; };
		1A434E922B2DB0E5003CC180 /* UITableView+Additions.swift */ = {isa = PBXFileReference; fileEncoding = 4; lastKnownFileType = sourcecode.swift; path = "UITableView+Additions.swift"; sourceTree = "<group>"; };
		1A434E932B2DB0E5003CC180 /* View+Shadow.swift */ = {isa = PBXFileReference; fileEncoding = 4; lastKnownFileType = sourcecode.swift; path = "View+Shadow.swift"; sourceTree = "<group>"; };
		1A434E942B2DB0E5003CC180 /* CustomButton+Extention.swift */ = {isa = PBXFileReference; fileEncoding = 4; lastKnownFileType = sourcecode.swift; path = "CustomButton+Extention.swift"; sourceTree = "<group>"; };
		1A434E952B2DB0E5003CC180 /* Assets.xcassets */ = {isa = PBXFileReference; lastKnownFileType = folder.assetcatalog; path = Assets.xcassets; sourceTree = "<group>"; };
		1A434E972B2DB0E5003CC180 /* Constants.swift */ = {isa = PBXFileReference; fileEncoding = 4; lastKnownFileType = sourcecode.swift; path = Constants.swift; sourceTree = "<group>"; };
		1A434E982B2DB0E5003CC180 /* AppGuide.swift */ = {isa = PBXFileReference; fileEncoding = 4; lastKnownFileType = sourcecode.swift; path = AppGuide.swift; sourceTree = "<group>"; };
		1A434E9A2B2DB0E5003CC180 /* RTCustomAlert.swift */ = {isa = PBXFileReference; fileEncoding = 4; lastKnownFileType = sourcecode.swift; path = RTCustomAlert.swift; sourceTree = "<group>"; };
		1A434E9B2B2DB0E5003CC180 /* RTCustomAlert.xib */ = {isa = PBXFileReference; fileEncoding = 4; lastKnownFileType = file.xib; path = RTCustomAlert.xib; sourceTree = "<group>"; };
		1A434E9C2B2DB0E5003CC180 /* CurrentUserInfo.swift */ = {isa = PBXFileReference; fileEncoding = 4; lastKnownFileType = sourcecode.swift; path = CurrentUserInfo.swift; sourceTree = "<group>"; };
		1A434E9D2B2DB0E5003CC180 /* Text+Attributed.swift */ = {isa = PBXFileReference; fileEncoding = 4; lastKnownFileType = sourcecode.swift; path = "Text+Attributed.swift"; sourceTree = "<group>"; };
		1A434E9E2B2DB0E5003CC180 /* RPicker.swift */ = {isa = PBXFileReference; fileEncoding = 4; lastKnownFileType = sourcecode.swift; path = RPicker.swift; sourceTree = "<group>"; };
		1A434E9F2B2DB0E5003CC180 /* Utility.swift */ = {isa = PBXFileReference; fileEncoding = 4; lastKnownFileType = sourcecode.swift; path = Utility.swift; sourceTree = "<group>"; };
		1A434EA02B2DB0E5003CC180 /* Helper.swift */ = {isa = PBXFileReference; fileEncoding = 4; lastKnownFileType = sourcecode.swift; path = Helper.swift; sourceTree = "<group>"; };
		1A434EA12B2DB0E5003CC180 /* Configuration.swift */ = {isa = PBXFileReference; fileEncoding = 4; lastKnownFileType = sourcecode.swift; path = Configuration.swift; sourceTree = "<group>"; };
		1A434EA42B2DB0E5003CC180 /* Base */ = {isa = PBXFileReference; lastKnownFileType = file.storyboard; name = Base; path = Base.lproj/LaunchScreen.storyboard; sourceTree = "<group>"; };
		1A434EA52B2DB0E5003CC180 /* Main.storyboard */ = {isa = PBXFileReference; fileEncoding = 4; lastKnownFileType = file.storyboard; path = Main.storyboard; sourceTree = "<group>"; };
		1A434EA72B2DB0E5003CC180 /* APIHelper.swift */ = {isa = PBXFileReference; fileEncoding = 4; lastKnownFileType = sourcecode.swift; path = APIHelper.swift; sourceTree = "<group>"; };
		1A434EA82B2DB0E5003CC180 /* NetworkManager.swift */ = {isa = PBXFileReference; fileEncoding = 4; lastKnownFileType = sourcecode.swift; path = NetworkManager.swift; sourceTree = "<group>"; };
		1A434EA92B2DB0E5003CC180 /* Reachability.swift */ = {isa = PBXFileReference; fileEncoding = 4; lastKnownFileType = sourcecode.swift; path = Reachability.swift; sourceTree = "<group>"; };
		1A434EAA2B2DB0E5003CC180 /* APIsEndPoint.swift */ = {isa = PBXFileReference; fileEncoding = 4; lastKnownFileType = sourcecode.swift; path = APIsEndPoint.swift; sourceTree = "<group>"; };
		1A434EAC2B2DB0E5003CC180 /* BaseViewController.swift */ = {isa = PBXFileReference; fileEncoding = 4; lastKnownFileType = sourcecode.swift; path = BaseViewController.swift; sourceTree = "<group>"; };
		1A434EB22B2DB0E5003CC180 /* PresentedViewController.swift */ = {isa = PBXFileReference; fileEncoding = 4; lastKnownFileType = sourcecode.swift; path = PresentedViewController.swift; sourceTree = "<group>"; };
		1A434EB42B2DB0E5003CC180 /* LocationViewController.swift */ = {isa = PBXFileReference; fileEncoding = 4; lastKnownFileType = sourcecode.swift; path = LocationViewController.swift; sourceTree = "<group>"; };
		1A434EB52B2DB0E5003CC180 /* HomeViewController.swift */ = {isa = PBXFileReference; fileEncoding = 4; lastKnownFileType = sourcecode.swift; path = HomeViewController.swift; sourceTree = "<group>"; };
		1A434EB72B2DB0E5003CC180 /* WKWebViewController.swift */ = {isa = PBXFileReference; fileEncoding = 4; lastKnownFileType = sourcecode.swift; path = WKWebViewController.swift; sourceTree = "<group>"; };
		1A434EB82B2DB0E5003CC180 /* RequestListViewController.swift */ = {isa = PBXFileReference; fileEncoding = 4; lastKnownFileType = sourcecode.swift; path = RequestListViewController.swift; sourceTree = "<group>"; };
		1A434EBA2B2DB0E5003CC180 /* SideMenuTableViewController.swift */ = {isa = PBXFileReference; fileEncoding = 4; lastKnownFileType = sourcecode.swift; path = SideMenuTableViewController.swift; sourceTree = "<group>"; };
		1A434EBC2B2DB0E5003CC180 /* SigninViewController.swift */ = {isa = PBXFileReference; fileEncoding = 4; lastKnownFileType = sourcecode.swift; path = SigninViewController.swift; sourceTree = "<group>"; };
		1A434EC22B2DB0E5003CC180 /* SettingCell.xib */ = {isa = PBXFileReference; fileEncoding = 4; lastKnownFileType = file.xib; path = SettingCell.xib; sourceTree = "<group>"; };
		1A434EC32B2DB0E5003CC180 /* SettingCell.swift */ = {isa = PBXFileReference; fileEncoding = 4; lastKnownFileType = sourcecode.swift; path = SettingCell.swift; sourceTree = "<group>"; };
		1A434EC52B2DB0E5003CC180 /* UserNameCell.xib */ = {isa = PBXFileReference; fileEncoding = 4; lastKnownFileType = file.xib; path = UserNameCell.xib; sourceTree = "<group>"; };
		1A434EC62B2DB0E5003CC180 /* UserNameCell.swift */ = {isa = PBXFileReference; fileEncoding = 4; lastKnownFileType = sourcecode.swift; path = UserNameCell.swift; sourceTree = "<group>"; };
		1A434EC82B2DB0E5003CC180 /* TrackingCell.xib */ = {isa = PBXFileReference; fileEncoding = 4; lastKnownFileType = file.xib; path = TrackingCell.xib; sourceTree = "<group>"; };
		1A434EC92B2DB0E5003CC180 /* TrackingCell.swift */ = {isa = PBXFileReference; fileEncoding = 4; lastKnownFileType = sourcecode.swift; path = TrackingCell.swift; sourceTree = "<group>"; };
		1A434ECB2B2DB0E5003CC180 /* SigninInfoModel.swift */ = {isa = PBXFileReference; fileEncoding = 4; lastKnownFileType = sourcecode.swift; path = SigninInfoModel.swift; sourceTree = "<group>"; };
		1A434ECC2B2DB0E5003CC180 /* AppDelegate.swift */ = {isa = PBXFileReference; fileEncoding = 4; lastKnownFileType = sourcecode.swift; path = AppDelegate.swift; sourceTree = "<group>"; };
		1A434ECE2B2DB0E5003CC180 /* Poppins-ExtraLight.ttf */ = {isa = PBXFileReference; lastKnownFileType = file; path = "Poppins-ExtraLight.ttf"; sourceTree = "<group>"; };
		1A434ECF2B2DB0E5003CC180 /* Poppins-Light.ttf */ = {isa = PBXFileReference; lastKnownFileType = file; path = "Poppins-Light.ttf"; sourceTree = "<group>"; };
		1A434ED02B2DB0E5003CC180 /* Poppins-Medium.ttf */ = {isa = PBXFileReference; lastKnownFileType = file; path = "Poppins-Medium.ttf"; sourceTree = "<group>"; };
		1A434ED12B2DB0E5003CC180 /* ReggaeOne-Regular.ttf */ = {isa = PBXFileReference; lastKnownFileType = file; path = "ReggaeOne-Regular.ttf"; sourceTree = "<group>"; };
		1A434ED22B2DB0E5003CC180 /* Poppins-Regular.ttf */ = {isa = PBXFileReference; lastKnownFileType = file; path = "Poppins-Regular.ttf"; sourceTree = "<group>"; };
		1A434ED32B2DB0E5003CC180 /* Poppins-Bold.ttf */ = {isa = PBXFileReference; lastKnownFileType = file; path = "Poppins-Bold.ttf"; sourceTree = "<group>"; };
		1A434ED42B2DB0E5003CC180 /* Poppins-Thin.ttf */ = {isa = PBXFileReference; lastKnownFileType = file; path = "Poppins-Thin.ttf"; sourceTree = "<group>"; };
		1A434ED52B2DB0E5003CC180 /* Poppins-SemiBold.ttf */ = {isa = PBXFileReference; lastKnownFileType = file; path = "Poppins-SemiBold.ttf"; sourceTree = "<group>"; };
		1A434ED62B2DB0E5003CC180 /* Info.plist */ = {isa = PBXFileReference; fileEncoding = 4; lastKnownFileType = text.plist.xml; path = Info.plist; sourceTree = "<group>"; };
		1A434F242B2DB5C6003CC180 /* GoogleService-Info.plist */ = {isa = PBXFileReference; fileEncoding = 4; lastKnownFileType = text.plist.xml; path = "GoogleService-Info.plist"; sourceTree = "<group>"; };
		1A434F262B2DF09B003CC180 /* SigninCell.swift */ = {isa = PBXFileReference; fileEncoding = 4; lastKnownFileType = sourcecode.swift; path = SigninCell.swift; sourceTree = "<group>"; };
		1A434F272B2DF09D003CC180 /* SigninCell.xib */ = {isa = PBXFileReference; fileEncoding = 4; lastKnownFileType = file.xib; path = SigninCell.xib; sourceTree = "<group>"; };
		1A434F2C2B2E129D003CC180 /* ForgotPasswordViewController.swift */ = {isa = PBXFileReference; fileEncoding = 4; lastKnownFileType = sourcecode.swift; path = ForgotPasswordViewController.swift; sourceTree = "<group>"; };
		1A434F2E2B2E12D8003CC180 /* ForgotPasswordViewModel.swift */ = {isa = PBXFileReference; fileEncoding = 4; lastKnownFileType = sourcecode.swift; path = ForgotPasswordViewModel.swift; sourceTree = "<group>"; };
		1A434F302B2E1307003CC180 /* ForgotPasswordModel.swift */ = {isa = PBXFileReference; fileEncoding = 4; lastKnownFileType = sourcecode.swift; path = ForgotPasswordModel.swift; sourceTree = "<group>"; };
		1A434F322B2F4A21003CC180 /* SignupViewController.swift */ = {isa = PBXFileReference; fileEncoding = 4; lastKnownFileType = sourcecode.swift; path = SignupViewController.swift; sourceTree = "<group>"; };
		1A434F342B2F4A7B003CC180 /* SignupViewModel.swift */ = {isa = PBXFileReference; fileEncoding = 4; lastKnownFileType = sourcecode.swift; path = SignupViewModel.swift; sourceTree = "<group>"; };
		1A434F362B2F4BAC003CC180 /* SignupInfoModel.swift */ = {isa = PBXFileReference; fileEncoding = 4; lastKnownFileType = sourcecode.swift; path = SignupInfoModel.swift; sourceTree = "<group>"; };
		1A5000D32BA69C6400F960C7 /* AddressViewController.swift */ = {isa = PBXFileReference; fileEncoding = 4; lastKnownFileType = sourcecode.swift; path = AddressViewController.swift; sourceTree = "<group>"; };
		1A5000D52BA69CA000F960C7 /* AddressViewModel.swift */ = {isa = PBXFileReference; fileEncoding = 4; lastKnownFileType = sourcecode.swift; path = AddressViewModel.swift; sourceTree = "<group>"; };
		1A5A43A32B400864008118B8 /* RequestListViewModal.swift */ = {isa = PBXFileReference; fileEncoding = 4; lastKnownFileType = sourcecode.swift; path = RequestListViewModal.swift; sourceTree = "<group>"; };
		1A7A49002B31F48F006C058D /* ProfileViewModal.swift */ = {isa = PBXFileReference; lastKnownFileType = sourcecode.swift; path = ProfileViewModal.swift; sourceTree = "<group>"; };
		1A7A49022B329203006C058D /* ImagePickerManager.swift */ = {isa = PBXFileReference; fileEncoding = 4; lastKnownFileType = sourcecode.swift; path = ImagePickerManager.swift; sourceTree = "<group>"; };
		1A9C7FA32B6808F900586D5F /* terms.pdf */ = {isa = PBXFileReference; lastKnownFileType = image.pdf; path = terms.pdf; sourceTree = "<group>"; };
		1AA0870E2B5296B3007127DA /* ChangePasswordViewController.swift */ = {isa = PBXFileReference; lastKnownFileType = sourcecode.swift; path = ChangePasswordViewController.swift; sourceTree = "<group>"; };
		1AA087102B5298B0007127DA /* ChangePasswordViewModal.swift */ = {isa = PBXFileReference; lastKnownFileType = sourcecode.swift; path = ChangePasswordViewModal.swift; sourceTree = "<group>"; };
		1AA087162B53A791007127DA /* UpdateProfileViewController.swift */ = {isa = PBXFileReference; lastKnownFileType = sourcecode.swift; path = UpdateProfileViewController.swift; sourceTree = "<group>"; };
		1AA087182B53A9A6007127DA /* UpdateProfileViewModal.swift */ = {isa = PBXFileReference; lastKnownFileType = sourcecode.swift; path = UpdateProfileViewModal.swift; sourceTree = "<group>"; };
		1AA8137F2B42C44E00F83DDA /* Location.gpx */ = {isa = PBXFileReference; lastKnownFileType = text.xml; path = Location.gpx; sourceTree = "<group>"; };
		1AA8138D2B450FD400F83DDA /* RequestCell.xib */ = {isa = PBXFileReference; fileEncoding = 4; lastKnownFileType = file.xib; path = RequestCell.xib; sourceTree = "<group>"; };
		1AA8138E2B450FD400F83DDA /* RequestCell.swift */ = {isa = PBXFileReference; fileEncoding = 4; lastKnownFileType = sourcecode.swift; path = RequestCell.swift; sourceTree = "<group>"; };
		1AABD1972B33DCC40086D429 /* JobViewController.swift */ = {isa = PBXFileReference; lastKnownFileType = sourcecode.swift; path = JobViewController.swift; sourceTree = "<group>"; };
		1AABD1992B33EB4F0086D429 /* CustomAnnotation.swift */ = {isa = PBXFileReference; lastKnownFileType = sourcecode.swift; path = CustomAnnotation.swift; sourceTree = "<group>"; };
		1AABD19B2B33EE200086D429 /* LocationViewModel.swift */ = {isa = PBXFileReference; lastKnownFileType = sourcecode.swift; path = LocationViewModel.swift; sourceTree = "<group>"; };
		1AB5B60B2B312D84002586D2 /* EmailVerificationViewController.swift */ = {isa = PBXFileReference; lastKnownFileType = sourcecode.swift; path = EmailVerificationViewController.swift; sourceTree = "<group>"; };
		1AC5B5212B3730AD00E04703 /* HomeViewModal.swift */ = {isa = PBXFileReference; lastKnownFileType = sourcecode.swift; path = HomeViewModal.swift; sourceTree = "<group>"; };
		1AD0A49D2B75380D008E5ED8 /* CodeRequestViewController.swift */ = {isa = PBXFileReference; lastKnownFileType = sourcecode.swift; path = CodeRequestViewController.swift; sourceTree = "<group>"; };
		1AD0A49F2B753BF5008E5ED8 /* VerifyRequestCodeController.swift */ = {isa = PBXFileReference; lastKnownFileType = sourcecode.swift; path = VerifyRequestCodeController.swift; sourceTree = "<group>"; };
		213680FE7681BC84DDF541A7 /* Pods_TICProvider.framework */ = {isa = PBXFileReference; explicitFileType = wrapper.framework; includeInIndex = 0; path = Pods_TICProvider.framework; sourceTree = BUILT_PRODUCTS_DIR; };
		49F4E9993A22785D609DC3E8 /* Pods-KWDriver.debug.xcconfig */ = {isa = PBXFileReference; includeInIndex = 1; lastKnownFileType = text.xcconfig; name = "Pods-KWDriver.debug.xcconfig"; path = "Target Support Files/Pods-KWDriver/Pods-KWDriver.debug.xcconfig"; sourceTree = "<group>"; };
		6AC1A8320679C620B1A9F081 /* Pods-TICProvider.release.xcconfig */ = {isa = PBXFileReference; includeInIndex = 1; lastKnownFileType = text.xcconfig; name = "Pods-TICProvider.release.xcconfig"; path = "Target Support Files/Pods-TICProvider/Pods-TICProvider.release.xcconfig"; sourceTree = "<group>"; };
		88FAA8D32DB2DEC80005BBBC /* ProfileViewController.swift */ = {isa = PBXFileReference; lastKnownFileType = sourcecode.swift; path = ProfileViewController.swift; sourceTree = "<group>"; };
		A62E4566A188F8E65A0F0060 /* Pods-KWDriver.release.xcconfig */ = {isa = PBXFileReference; includeInIndex = 1; lastKnownFileType = text.xcconfig; name = "Pods-KWDriver.release.xcconfig"; path = "Target Support Files/Pods-KWDriver/Pods-KWDriver.release.xcconfig"; sourceTree = "<group>"; };
		B75580C2724A8F1FAA8123BA /* Pods-TICProvider.debug.xcconfig */ = {isa = PBXFileReference; includeInIndex = 1; lastKnownFileType = text.xcconfig; name = "Pods-TICProvider.debug.xcconfig"; path = "Target Support Files/Pods-TICProvider/Pods-TICProvider.debug.xcconfig"; sourceTree = "<group>"; };
		BF6038092B4A7BE90061F950 /* Location4.gpx */ = {isa = PBXFileReference; fileEncoding = 4; lastKnownFileType = text.xml; path = Location4.gpx; sourceTree = "<group>"; };
		BF60380A2B4A7BE90061F950 /* Location3.gpx */ = {isa = PBXFileReference; fileEncoding = 4; lastKnownFileType = text.xml; path = Location3.gpx; sourceTree = "<group>"; };
		BF60380B2B4A7BE90061F950 /* Location2.gpx */ = {isa = PBXFileReference; fileEncoding = 4; lastKnownFileType = text.xml; path = Location2.gpx; sourceTree = "<group>"; };
		BF60380C2B4A7BE90061F950 /* Location1.gpx */ = {isa = PBXFileReference; fileEncoding = 4; lastKnownFileType = text.xml; path = Location1.gpx; sourceTree = "<group>"; };
		BF8393B12BCC404A004F61A9 /* PrivacyInfo.xcprivacy */ = {isa = PBXFileReference; lastKnownFileType = text.xml; path = PrivacyInfo.xcprivacy; sourceTree = "<group>"; };
		BFA17E902B441C2900FED6BD /* TICProvider.entitlements */ = {isa = PBXFileReference; lastKnownFileType = text.plist.entitlements; path = TICProvider.entitlements; sourceTree = "<group>"; };
		BFA9843B2BE7A41200475EA8 /* HandoverAddressViewController.swift */ = {isa = PBXFileReference; lastKnownFileType = sourcecode.swift; path = HandoverAddressViewController.swift; sourceTree = "<group>"; };
		BFC560172B63F89300A3B47B /* Location5.gpx */ = {isa = PBXFileReference; fileEncoding = 4; lastKnownFileType = text.xml; path = Location5.gpx; sourceTree = "<group>"; };
		BFC560192B63FBE900A3B47B /* Location6.gpx */ = {isa = PBXFileReference; fileEncoding = 4; lastKnownFileType = text.xml; path = Location6.gpx; sourceTree = "<group>"; };
		BFE56B122BAAEF8E0055DB60 /* DiagnosisGPSViewController.swift */ = {isa = PBXFileReference; lastKnownFileType = sourcecode.swift; path = DiagnosisGPSViewController.swift; sourceTree = "<group>"; };
/* End PBXFileReference section */

/* Begin PBXFrameworksBuildPhase section */
		1A434E632B2DAED5003CC180 /* Frameworks */ = {
			isa = PBXFrameworksBuildPhase;
			buildActionMask = 2147483647;
			files = (
				FA93BA37F20814492341CB31 /* Pods_TICProvider.framework in Frameworks */,
			);
			runOnlyForDeploymentPostprocessing = 0;
		};
/* End PBXFrameworksBuildPhase section */

/* Begin PBXGroup section */
		1A434E5D2B2DAED5003CC180 = {
			isa = PBXGroup;
			children = (
				1A434E7D2B2DB0E5003CC180 /* TICProvider */,
				1A434E672B2DAED5003CC180 /* Products */,
				1E1180D680A6F9FDB797DA42 /* Pods */,
				54F8922131C8CA15DFFEE969 /* Frameworks */,
			);
			sourceTree = "<group>";
		};
		1A434E672B2DAED5003CC180 /* Products */ = {
			isa = PBXGroup;
			children = (
				1A434E662B2DAED5003CC180 /* TICProvider.app */,
			);
			name = Products;
			sourceTree = "<group>";
		};
		1A434E7D2B2DB0E5003CC180 /* TICProvider */ = {
			isa = PBXGroup;
			children = (
				1AA8137F2B42C44E00F83DDA /* Location.gpx */,
				BF60380C2B4A7BE90061F950 /* Location1.gpx */,
				BF60380B2B4A7BE90061F950 /* Location2.gpx */,
				BF60380A2B4A7BE90061F950 /* Location3.gpx */,
				BF6038092B4A7BE90061F950 /* Location4.gpx */,
				BFC560172B63F89300A3B47B /* Location5.gpx */,
				BFC560192B63FBE900A3B47B /* Location6.gpx */,
				BFA17E902B441C2900FED6BD /* TICProvider.entitlements */,
				1A434E7E2B2DB0E5003CC180 /* ViewModel */,
				1A434E852B2DB0E5003CC180 /* coordinator */,
				1A434E892B2DB0E5003CC180 /* Extension */,
				1A434E952B2DB0E5003CC180 /* Assets.xcassets */,
				1A434E962B2DB0E5003CC180 /* Utils */,
				1A434EA32B2DB0E5003CC180 /* LaunchScreen.storyboard */,
				1A434EA52B2DB0E5003CC180 /* Main.storyboard */,
				1A434EA62B2DB0E5003CC180 /* Network Manager */,
				1A434EAB2B2DB0E5003CC180 /* Screens */,
				1A434EBD2B2DB0E5003CC180 /* Cell */,
				1A434ECA2B2DB0E5003CC180 /* Model */,
				1A434ECC2B2DB0E5003CC180 /* AppDelegate.swift */,
				1A434ECD2B2DB0E5003CC180 /* Fonts */,
				1A434ED62B2DB0E5003CC180 /* Info.plist */,
				BF8393B12BCC404A004F61A9 /* PrivacyInfo.xcprivacy */,
				1A434F242B2DB5C6003CC180 /* GoogleService-Info.plist */,
			);
			path = TICProvider;
			sourceTree = "<group>";
		};
		1A434E7E2B2DB0E5003CC180 /* ViewModel */ = {
			isa = PBXGroup;
			children = (
				1A434E7F2B2DB0E5003CC180 /* TrackingViewModel.swift */,
				1A5000D52BA69CA000F960C7 /* AddressViewModel.swift */,
				1A434E802B2DB0E5003CC180 /* SettingViewModel.swift */,
				1A5A43A32B400864008118B8 /* RequestListViewModal.swift */,
				1A434E812B2DB0E5003CC180 /* RequestViewModel.swift */,
				1A434F2E2B2E12D8003CC180 /* ForgotPasswordViewModel.swift */,
				1A434F362B2F4BAC003CC180 /* SignupInfoModel.swift */,
				1A434F342B2F4A7B003CC180 /* SignupViewModel.swift */,
				1A434E842B2DB0E5003CC180 /* SigninViewModel.swift */,
				1A7A49002B31F48F006C058D /* ProfileViewModal.swift */,
				1AABD1992B33EB4F0086D429 /* CustomAnnotation.swift */,
				1AA087182B53A9A6007127DA /* UpdateProfileViewModal.swift */,
				1AABD19B2B33EE200086D429 /* LocationViewModel.swift */,
				1AA087102B5298B0007127DA /* ChangePasswordViewModal.swift */,
				1AC5B5212B3730AD00E04703 /* HomeViewModal.swift */,
			);
			path = ViewModel;
			sourceTree = "<group>";
		};
		1A434E852B2DB0E5003CC180 /* coordinator */ = {
			isa = PBXGroup;
			children = (
				1A434E862B2DB0E5003CC180 /* Storyboarded.swift */,
				1A434E872B2DB0E5003CC180 /* MainCoordinator.swift */,
				1A434E882B2DB0E5003CC180 /* Coordinator.swift */,
			);
			path = coordinator;
			sourceTree = "<group>";
		};
		1A434E892B2DB0E5003CC180 /* Extension */ = {
			isa = PBXGroup;
			children = (
				1A434E8A2B2DB0E5003CC180 /* Device+Type.swift */,
				1A434E8B2B2DB0E5003CC180 /* UIImageView+Extensions.swift */,
				1A434E8C2B2DB0E5003CC180 /* CustomTextField+Extention.swift */,
				1A7A49022B329203006C058D /* ImagePickerManager.swift */,
				1A434E8D2B2DB0E5003CC180 /* UIView+Extensions.swift */,
				1A434E8E2B2DB0E5003CC180 /* String+Extensions.swift */,
				1A434E8F2B2DB0E5003CC180 /* CustomLabel+Extention.swift */,
				1A434E902B2DB0E5003CC180 /* CustomTextView+Extention.swift */,
				1A434E912B2DB0E5003CC180 /* Extension.swift */,
				1A434E922B2DB0E5003CC180 /* UITableView+Additions.swift */,
				1A434E932B2DB0E5003CC180 /* View+Shadow.swift */,
				1A434E942B2DB0E5003CC180 /* CustomButton+Extention.swift */,
			);
			path = Extension;
			sourceTree = "<group>";
		};
		1A434E962B2DB0E5003CC180 /* Utils */ = {
			isa = PBXGroup;
			children = (
				1A434E972B2DB0E5003CC180 /* Constants.swift */,
				1A434E982B2DB0E5003CC180 /* AppGuide.swift */,
				1A434E992B2DB0E5003CC180 /* alert */,
				1A434E9C2B2DB0E5003CC180 /* CurrentUserInfo.swift */,
				1A434E9D2B2DB0E5003CC180 /* Text+Attributed.swift */,
				1A434E9E2B2DB0E5003CC180 /* RPicker.swift */,
				1A434E9F2B2DB0E5003CC180 /* Utility.swift */,
				1A434EA02B2DB0E5003CC180 /* Helper.swift */,
				1A434EA12B2DB0E5003CC180 /* Configuration.swift */,
			);
			path = Utils;
			sourceTree = "<group>";
		};
		1A434E992B2DB0E5003CC180 /* alert */ = {
			isa = PBXGroup;
			children = (
				1A434E9A2B2DB0E5003CC180 /* RTCustomAlert.swift */,
				1A434E9B2B2DB0E5003CC180 /* RTCustomAlert.xib */,
			);
			path = alert;
			sourceTree = "<group>";
		};
		1A434EA62B2DB0E5003CC180 /* Network Manager */ = {
			isa = PBXGroup;
			children = (
				1A434EA72B2DB0E5003CC180 /* APIHelper.swift */,
				1A434EA82B2DB0E5003CC180 /* NetworkManager.swift */,
				1A434EA92B2DB0E5003CC180 /* Reachability.swift */,
				1A434EAA2B2DB0E5003CC180 /* APIsEndPoint.swift */,
				1A9C7FA32B6808F900586D5F /* terms.pdf */,
				1A428CC82B59A465004B98F4 /* terms.html */,
				1A428CCA2B601B70004B98F4 /* faq.html */,
			);
			path = "Network Manager";
			sourceTree = "<group>";
		};
		1A434EAB2B2DB0E5003CC180 /* Screens */ = {
			isa = PBXGroup;
			children = (
				1A434EAC2B2DB0E5003CC180 /* BaseViewController.swift */,
				1A434EB12B2DB0E5003CC180 /* Registry */,
			);
			path = Screens;
			sourceTree = "<group>";
		};
		1A434EB12B2DB0E5003CC180 /* Registry */ = {
			isa = PBXGroup;
			children = (
				88FAA8D32DB2DEC80005BBBC /* ProfileViewController.swift */,
				1A434F322B2F4A21003CC180 /* SignupViewController.swift */,
				1A434EB22B2DB0E5003CC180 /* PresentedViewController.swift */,
				1AABD1972B33DCC40086D429 /* JobViewController.swift */,
				1AD0A49F2B753BF5008E5ED8 /* VerifyRequestCodeController.swift */,
				1A5000D32BA69C6400F960C7 /* AddressViewController.swift */,
				1AD0A49D2B75380D008E5ED8 /* CodeRequestViewController.swift */,
				1A434EB42B2DB0E5003CC180 /* LocationViewController.swift */,
				1A434EB52B2DB0E5003CC180 /* HomeViewController.swift */,
				1A434EBA2B2DB0E5003CC180 /* SideMenuTableViewController.swift */,
				1A434F2C2B2E129D003CC180 /* ForgotPasswordViewController.swift */,
				1A434EB72B2DB0E5003CC180 /* WKWebViewController.swift */,
				1A434EB82B2DB0E5003CC180 /* RequestListViewController.swift */,
				1AA087162B53A791007127DA /* UpdateProfileViewController.swift */,
				1A434EBC2B2DB0E5003CC180 /* SigninViewController.swift */,
				1AB5B60B2B312D84002586D2 /* EmailVerificationViewController.swift */,
				1AA0870E2B5296B3007127DA /* ChangePasswordViewController.swift */,
				BFE56B122BAAEF8E0055DB60 /* DiagnosisGPSViewController.swift */,
				BFA9843B2BE7A41200475EA8 /* HandoverAddressViewController.swift */,
			);
			path = Registry;
			sourceTree = "<group>";
		};
		1A434EBD2B2DB0E5003CC180 /* Cell */ = {
			isa = PBXGroup;
			children = (
				1AA8138C2B450FD400F83DDA /* RequestCell */,
				1A434EBE2B2DB0E5003CC180 /* SigninCell */,
				1A434EC12B2DB0E5003CC180 /* MenuCell */,
				1A434EC42B2DB0E5003CC180 /* UserNameCell */,
				1A434EC72B2DB0E5003CC180 /* TrackingCell */,
			);
			path = Cell;
			sourceTree = "<group>";
		};
		1A434EBE2B2DB0E5003CC180 /* SigninCell */ = {
			isa = PBXGroup;
			children = (
				1A434F262B2DF09B003CC180 /* SigninCell.swift */,
				1A434F272B2DF09D003CC180 /* SigninCell.xib */,
			);
			path = SigninCell;
			sourceTree = "<group>";
		};
		1A434EC12B2DB0E5003CC180 /* MenuCell */ = {
			isa = PBXGroup;
			children = (
				1A434EC22B2DB0E5003CC180 /* SettingCell.xib */,
				1A434EC32B2DB0E5003CC180 /* SettingCell.swift */,
			);
			path = MenuCell;
			sourceTree = "<group>";
		};
		1A434EC42B2DB0E5003CC180 /* UserNameCell */ = {
			isa = PBXGroup;
			children = (
				1A434EC52B2DB0E5003CC180 /* UserNameCell.xib */,
				1A434EC62B2DB0E5003CC180 /* UserNameCell.swift */,
			);
			path = UserNameCell;
			sourceTree = "<group>";
		};
		1A434EC72B2DB0E5003CC180 /* TrackingCell */ = {
			isa = PBXGroup;
			children = (
				1A434EC82B2DB0E5003CC180 /* TrackingCell.xib */,
				1A434EC92B2DB0E5003CC180 /* TrackingCell.swift */,
			);
			path = TrackingCell;
			sourceTree = "<group>";
		};
		1A434ECA2B2DB0E5003CC180 /* Model */ = {
			isa = PBXGroup;
			children = (
				1A434F302B2E1307003CC180 /* ForgotPasswordModel.swift */,
				1A434ECB2B2DB0E5003CC180 /* SigninInfoModel.swift */,
			);
			path = Model;
			sourceTree = "<group>";
		};
		1A434ECD2B2DB0E5003CC180 /* Fonts */ = {
			isa = PBXGroup;
			children = (
				1A434ECE2B2DB0E5003CC180 /* Poppins-ExtraLight.ttf */,
				1A434ECF2B2DB0E5003CC180 /* Poppins-Light.ttf */,
				1A434ED02B2DB0E5003CC180 /* Poppins-Medium.ttf */,
				1A434ED12B2DB0E5003CC180 /* ReggaeOne-Regular.ttf */,
				1A434ED22B2DB0E5003CC180 /* Poppins-Regular.ttf */,
				1A434ED32B2DB0E5003CC180 /* Poppins-Bold.ttf */,
				1A434ED42B2DB0E5003CC180 /* Poppins-Thin.ttf */,
				1A434ED52B2DB0E5003CC180 /* Poppins-SemiBold.ttf */,
			);
			path = Fonts;
			sourceTree = "<group>";
		};
		1AA8138C2B450FD400F83DDA /* RequestCell */ = {
			isa = PBXGroup;
			children = (
				1AA8138D2B450FD400F83DDA /* RequestCell.xib */,
				1AA8138E2B450FD400F83DDA /* RequestCell.swift */,
			);
			path = RequestCell;
			sourceTree = "<group>";
		};
		1E1180D680A6F9FDB797DA42 /* Pods */ = {
			isa = PBXGroup;
			children = (
				49F4E9993A22785D609DC3E8 /* Pods-KWDriver.debug.xcconfig */,
				A62E4566A188F8E65A0F0060 /* Pods-KWDriver.release.xcconfig */,
				B75580C2724A8F1FAA8123BA /* Pods-TICProvider.debug.xcconfig */,
				6AC1A8320679C620B1A9F081 /* Pods-TICProvider.release.xcconfig */,
			);
			path = Pods;
			sourceTree = "<group>";
		};
		54F8922131C8CA15DFFEE969 /* Frameworks */ = {
			isa = PBXGroup;
			children = (
				213680FE7681BC84DDF541A7 /* Pods_TICProvider.framework */,
			);
			name = Frameworks;
			sourceTree = "<group>";
		};
/* End PBXGroup section */

/* Begin PBXNativeTarget section */
		1A434E652B2DAED5003CC180 /* TICProvider */ = {
			isa = PBXNativeTarget;
			buildConfigurationList = 1A434E7A2B2DAED8003CC180 /* Build configuration list for PBXNativeTarget "TICProvider" */;
			buildPhases = (
				E66E9590CA9F07B9A39B3C30 /* [CP] Check Pods Manifest.lock */,
				1A434E622B2DAED5003CC180 /* Sources */,
				1A434E632B2DAED5003CC180 /* Frameworks */,
				1A434E642B2DAED5003CC180 /* Resources */,
				9A9F9CDE4EA8AB6663B5378A /* [CP] Embed Pods Frameworks */,
			);
			buildRules = (
			);
			dependencies = (
			);
			name = TICProvider;
			productName = KWDriver;
			productReference = 1A434E662B2DAED5003CC180 /* TICProvider.app */;
			productType = "com.apple.product-type.application";
		};
/* End PBXNativeTarget section */

/* Begin PBXProject section */
		1A434E5E2B2DAED5003CC180 /* Project object */ = {
			isa = PBXProject;
			attributes = {
				BuildIndependentTargetsInParallel = 1;
				LastSwiftUpdateCheck = 1410;
				LastUpgradeCheck = 1410;
				TargetAttributes = {
					1A434E652B2DAED5003CC180 = {
						CreatedOnToolsVersion = 14.1;
					};
				};
			};
			buildConfigurationList = 1A434E612B2DAED5003CC180 /* Build configuration list for PBXProject "TICProvider" */;
			compatibilityVersion = "Xcode 14.0";
			developmentRegion = en;
			hasScannedForEncodings = 0;
			knownRegions = (
				en,
				Base,
			);
			mainGroup = 1A434E5D2B2DAED5003CC180;
			productRefGroup = 1A434E672B2DAED5003CC180 /* Products */;
			projectDirPath = "";
			projectRoot = "";
			targets = (
				1A434E652B2DAED5003CC180 /* TICProvider */,
			);
		};
/* End PBXProject section */

/* Begin PBXResourcesBuildPhase section */
		1A434E642B2DAED5003CC180 /* Resources */ = {
			isa = PBXResourcesBuildPhase;
			buildActionMask = 2147483647;
			files = (
				1A434F152B2DB0E6003CC180 /* Poppins-ExtraLight.ttf in Resources */,
				1A434EEB2B2DB0E5003CC180 /* Assets.xcassets in Resources */,
				BF60380D2B4A7BE90061F950 /* Location4.gpx in Resources */,
				1A434F0F2B2DB0E6003CC180 /* UserNameCell.xib in Resources */,
				1A434F0D2B2DB0E6003CC180 /* SettingCell.xib in Resources */,
				1A434F1B2B2DB0E6003CC180 /* Poppins-Thin.ttf in Resources */,
				1AA8138F2B450FD400F83DDA /* RequestCell.xib in Resources */,
				1A434EF82B2DB0E6003CC180 /* Main.storyboard in Resources */,
				1A434EF72B2DB0E6003CC180 /* LaunchScreen.storyboard in Resources */,
				1A434F1A2B2DB0E6003CC180 /* Poppins-Bold.ttf in Resources */,
				1A434F292B2DF09D003CC180 /* SigninCell.xib in Resources */,
				1A428CCB2B601B70004B98F4 /* faq.html in Resources */,
				1A9C7FA42B6808F900586D5F /* terms.pdf in Resources */,
				1A434F182B2DB0E6003CC180 /* ReggaeOne-Regular.ttf in Resources */,
				1A434F252B2DB5C6003CC180 /* GoogleService-Info.plist in Resources */,
				BFC560182B63F89300A3B47B /* Location5.gpx in Resources */,
				1A434EEF2B2DB0E5003CC180 /* RTCustomAlert.xib in Resources */,
				BF60380F2B4A7BE90061F950 /* Location2.gpx in Resources */,
				1A434F192B2DB0E6003CC180 /* Poppins-Regular.ttf in Resources */,
				1A434F172B2DB0E6003CC180 /* Poppins-Medium.ttf in Resources */,
				1A434F162B2DB0E6003CC180 /* Poppins-Light.ttf in Resources */,
				1A428CC92B59A465004B98F4 /* terms.html in Resources */,
				BF8393B22BCC40A8004F61A9 /* PrivacyInfo.xcprivacy in Resources */,
				1A434F112B2DB0E6003CC180 /* TrackingCell.xib in Resources */,
				BF60380E2B4A7BE90061F950 /* Location3.gpx in Resources */,
				BFC5601A2B63FBE900A3B47B /* Location6.gpx in Resources */,
				BF6038102B4A7BE90061F950 /* Location1.gpx in Resources */,
				1A434F1C2B2DB0E6003CC180 /* Poppins-SemiBold.ttf in Resources */,
			);
			runOnlyForDeploymentPostprocessing = 0;
		};
/* End PBXResourcesBuildPhase section */

/* Begin PBXShellScriptBuildPhase section */
		9A9F9CDE4EA8AB6663B5378A /* [CP] Embed Pods Frameworks */ = {
			isa = PBXShellScriptBuildPhase;
			buildActionMask = 2147483647;
			files = (
			);
			inputFileListPaths = (
				"${PODS_ROOT}/Target Support Files/Pods-TICProvider/Pods-TICProvider-frameworks-${CONFIGURATION}-input-files.xcfilelist",
			);
			name = "[CP] Embed Pods Frameworks";
			outputFileListPaths = (
				"${PODS_ROOT}/Target Support Files/Pods-TICProvider/Pods-TICProvider-frameworks-${CONFIGURATION}-output-files.xcfilelist",
			);
			runOnlyForDeploymentPostprocessing = 0;
			shellPath = /bin/sh;
			shellScript = "\"${PODS_ROOT}/Target Support Files/Pods-TICProvider/Pods-TICProvider-frameworks.sh\"\n";
			showEnvVarsInLog = 0;
		};
		E66E9590CA9F07B9A39B3C30 /* [CP] Check Pods Manifest.lock */ = {
			isa = PBXShellScriptBuildPhase;
			buildActionMask = 2147483647;
			files = (
			);
			inputFileListPaths = (
			);
			inputPaths = (
				"${PODS_PODFILE_DIR_PATH}/Podfile.lock",
				"${PODS_ROOT}/Manifest.lock",
			);
			name = "[CP] Check Pods Manifest.lock";
			outputFileListPaths = (
			);
			outputPaths = (
				"$(DERIVED_FILE_DIR)/Pods-TICProvider-checkManifestLockResult.txt",
			);
			runOnlyForDeploymentPostprocessing = 0;
			shellPath = /bin/sh;
			shellScript = "diff \"${PODS_PODFILE_DIR_PATH}/Podfile.lock\" \"${PODS_ROOT}/Manifest.lock\" > /dev/null\nif [ $? != 0 ] ; then\n    # print error to STDERR\n    echo \"error: The sandbox is not in sync with the Podfile.lock. Run 'pod install' or update your CocoaPods installation.\" >&2\n    exit 1\nfi\n# This output is used by Xcode 'outputs' to avoid re-running this script phase.\necho \"SUCCESS\" > \"${SCRIPT_OUTPUT_FILE_0}\"\n";
			showEnvVarsInLog = 0;
		};
/* End PBXShellScriptBuildPhase section */

/* Begin PBXSourcesBuildPhase section */
		1A434E622B2DAED5003CC180 /* Sources */ = {
			isa = PBXSourcesBuildPhase;
			buildActionMask = 2147483647;
			files = (
				1AABD19A2B33EB4F0086D429 /* CustomAnnotation.swift in Sources */,
				1AA813902B450FD400F83DDA /* RequestCell.swift in Sources */,
				1A434EDC2B2DB0E5003CC180 /* SigninViewModel.swift in Sources */,
				1A434F282B2DF09D003CC180 /* SigninCell.swift in Sources */,
				1A434EDE2B2DB0E5003CC180 /* MainCoordinator.swift in Sources */,
				1A434EE12B2DB0E5003CC180 /* UIImageView+Extensions.swift in Sources */,
				1A434F372B2F4BAC003CC180 /* SignupInfoModel.swift in Sources */,
				1A434EE52B2DB0E5003CC180 /* CustomLabel+Extention.swift in Sources */,
				1A434F132B2DB0E6003CC180 /* SigninInfoModel.swift in Sources */,
				1A434F352B2F4A7C003CC180 /* SignupViewModel.swift in Sources */,
				1A434F2F2B2E12D8003CC180 /* ForgotPasswordViewModel.swift in Sources */,
				1AA087172B53A791007127DA /* UpdateProfileViewController.swift in Sources */,
				1A434F082B2DB0E6003CC180 /* SideMenuTableViewController.swift in Sources */,
				1AB5B60C2B312D84002586D2 /* EmailVerificationViewController.swift in Sources */,
				1A434EF22B2DB0E5003CC180 /* RPicker.swift in Sources */,
				1A434F312B2E1307003CC180 /* ForgotPasswordModel.swift in Sources */,
				1A434ED92B2DB0E5003CC180 /* RequestViewModel.swift in Sources */,
				1AC5B5222B3730AD00E04703 /* HomeViewModal.swift in Sources */,
				1A434ED72B2DB0E5003CC180 /* TrackingViewModel.swift in Sources */,
				1A434F002B2DB0E6003CC180 /* PresentedViewController.swift in Sources */,
				1A434EFD2B2DB0E6003CC180 /* BaseViewController.swift in Sources */,
				1AD0A49E2B75380D008E5ED8 /* CodeRequestViewController.swift in Sources */,
				1A434F052B2DB0E6003CC180 /* WKWebViewController.swift in Sources */,
				1A5000D42BA69C6400F960C7 /* AddressViewController.swift in Sources */,
				1A434EF02B2DB0E5003CC180 /* CurrentUserInfo.swift in Sources */,
				1A434EE32B2DB0E5003CC180 /* UIView+Extensions.swift in Sources */,
				1A434ED82B2DB0E5003CC180 /* SettingViewModel.swift in Sources */,
				1A434EF52B2DB0E6003CC180 /* Configuration.swift in Sources */,
				1A7A49032B329203006C058D /* ImagePickerManager.swift in Sources */,
				1AABD19C2B33EE200086D429 /* LocationViewModel.swift in Sources */,
				1A434F0A2B2DB0E6003CC180 /* SigninViewController.swift in Sources */,
				1A434EED2B2DB0E5003CC180 /* AppGuide.swift in Sources */,
				1A434F122B2DB0E6003CC180 /* TrackingCell.swift in Sources */,
				1A434EE92B2DB0E5003CC180 /* View+Shadow.swift in Sources */,
				1A434EE42B2DB0E5003CC180 /* String+Extensions.swift in Sources */,
				BFE56B132BAAEF8E0055DB60 /* DiagnosisGPSViewController.swift in Sources */,
				1A434EFC2B2DB0E6003CC180 /* APIsEndPoint.swift in Sources */,
				1A434EEC2B2DB0E5003CC180 /* Constants.swift in Sources */,
				1A5000D62BA69CA000F960C7 /* AddressViewModel.swift in Sources */,
				1A434F332B2F4A22003CC180 /* SignupViewController.swift in Sources */,
				1A7A49012B31F48F006C058D /* ProfileViewModal.swift in Sources */,
				1A434F032B2DB0E6003CC180 /* HomeViewController.swift in Sources */,
				1A434EF42B2DB0E6003CC180 /* Helper.swift in Sources */,
				88FAA8D42DB2DEC80005BBBC /* ProfileViewController.swift in Sources */,
				1A434F0E2B2DB0E6003CC180 /* SettingCell.swift in Sources */,
				1A434EE72B2DB0E5003CC180 /* Extension.swift in Sources */,
				1AA0870F2B5296B3007127DA /* ChangePasswordViewController.swift in Sources */,
				1A434EFA2B2DB0E6003CC180 /* NetworkManager.swift in Sources */,
				1AA087112B5298B0007127DA /* ChangePasswordViewModal.swift in Sources */,
				1AABD1982B33DCC40086D429 /* JobViewController.swift in Sources */,
				1A434EF92B2DB0E6003CC180 /* APIHelper.swift in Sources */,
				1A434EEE2B2DB0E5003CC180 /* RTCustomAlert.swift in Sources */,
				1A434F102B2DB0E6003CC180 /* UserNameCell.swift in Sources */,
				1A434EE22B2DB0E5003CC180 /* CustomTextField+Extention.swift in Sources */,
				1A434EDD2B2DB0E5003CC180 /* Storyboarded.swift in Sources */,
				1A5A43A42B400864008118B8 /* RequestListViewModal.swift in Sources */,
				1A434EF32B2DB0E6003CC180 /* Utility.swift in Sources */,
				1A434EEA2B2DB0E5003CC180 /* CustomButton+Extention.swift in Sources */,
				BFA9843C2BE7A41200475EA8 /* HandoverAddressViewController.swift in Sources */,
				1A434EE62B2DB0E5003CC180 /* CustomTextView+Extention.swift in Sources */,
				1A434EE82B2DB0E5003CC180 /* UITableView+Additions.swift in Sources */,
				1AA087192B53A9A6007127DA /* UpdateProfileViewModal.swift in Sources */,
				1A434F022B2DB0E6003CC180 /* LocationViewController.swift in Sources */,
				1A434EDF2B2DB0E5003CC180 /* Coordinator.swift in Sources */,
				1A434EF12B2DB0E5003CC180 /* Text+Attributed.swift in Sources */,
				1A434F062B2DB0E6003CC180 /* RequestListViewController.swift in Sources */,
				1A434F2D2B2E129D003CC180 /* ForgotPasswordViewController.swift in Sources */,
				1A434EFB2B2DB0E6003CC180 /* Reachability.swift in Sources */,
				1A434EE02B2DB0E5003CC180 /* Device+Type.swift in Sources */,
				1A434F142B2DB0E6003CC180 /* AppDelegate.swift in Sources */,
				1AD0A4A02B753BF5008E5ED8 /* VerifyRequestCodeController.swift in Sources */,
			);
			runOnlyForDeploymentPostprocessing = 0;
		};
/* End PBXSourcesBuildPhase section */

/* Begin PBXVariantGroup section */
		1A434EA32B2DB0E5003CC180 /* LaunchScreen.storyboard */ = {
			isa = PBXVariantGroup;
			children = (
				1A434EA42B2DB0E5003CC180 /* Base */,
			);
			name = LaunchScreen.storyboard;
			sourceTree = "<group>";
		};
/* End PBXVariantGroup section */

/* Begin XCBuildConfiguration section */
		1A434E782B2DAED8003CC180 /* Debug */ = {
			isa = XCBuildConfiguration;
			buildSettings = {
				ALWAYS_SEARCH_USER_PATHS = NO;
				CLANG_ANALYZER_NONNULL = YES;
				CLANG_ANALYZER_NUMBER_OBJECT_CONVERSION = YES_AGGRESSIVE;
				CLANG_CXX_LANGUAGE_STANDARD = "gnu++20";
				CLANG_ENABLE_MODULES = YES;
				CLANG_ENABLE_OBJC_ARC = YES;
				CLANG_ENABLE_OBJC_WEAK = YES;
				CLANG_WARN_BLOCK_CAPTURE_AUTORELEASING = YES;
				CLANG_WARN_BOOL_CONVERSION = YES;
				CLANG_WARN_COMMA = YES;
				CLANG_WARN_CONSTANT_CONVERSION = YES;
				CLANG_WARN_DEPRECATED_OBJC_IMPLEMENTATIONS = YES;
				CLANG_WARN_DIRECT_OBJC_ISA_USAGE = YES_ERROR;
				CLANG_WARN_DOCUMENTATION_COMMENTS = YES;
				CLANG_WARN_EMPTY_BODY = YES;
				CLANG_WARN_ENUM_CONVERSION = YES;
				CLANG_WARN_INFINITE_RECURSION = YES;
				CLANG_WARN_INT_CONVERSION = YES;
				CLANG_WARN_NON_LITERAL_NULL_CONVERSION = YES;
				CLANG_WARN_OBJC_IMPLICIT_RETAIN_SELF = YES;
				CLANG_WARN_OBJC_LITERAL_CONVERSION = YES;
				CLANG_WARN_OBJC_ROOT_CLASS = YES_ERROR;
				CLANG_WARN_QUOTED_INCLUDE_IN_FRAMEWORK_HEADER = YES;
				CLANG_WARN_RANGE_LOOP_ANALYSIS = YES;
				CLANG_WARN_STRICT_PROTOTYPES = YES;
				CLANG_WARN_SUSPICIOUS_MOVE = YES;
				CLANG_WARN_UNGUARDED_AVAILABILITY = YES_AGGRESSIVE;
				CLANG_WARN_UNREACHABLE_CODE = YES;
				CLANG_WARN__DUPLICATE_METHOD_MATCH = YES;
				COPY_PHASE_STRIP = NO;
				DEBUG_INFORMATION_FORMAT = dwarf;
				ENABLE_STRICT_OBJC_MSGSEND = YES;
				ENABLE_TESTABILITY = YES;
				GCC_C_LANGUAGE_STANDARD = gnu11;
				GCC_DYNAMIC_NO_PIC = NO;
				GCC_NO_COMMON_BLOCKS = YES;
				GCC_OPTIMIZATION_LEVEL = 0;
				GCC_PREPROCESSOR_DEFINITIONS = (
					"DEBUG=1",
					"$(inherited)",
				);
				GCC_WARN_64_TO_32_BIT_CONVERSION = YES;
				GCC_WARN_ABOUT_RETURN_TYPE = YES_ERROR;
				GCC_WARN_UNDECLARED_SELECTOR = YES;
				GCC_WARN_UNINITIALIZED_AUTOS = YES_AGGRESSIVE;
				GCC_WARN_UNUSED_FUNCTION = YES;
				GCC_WARN_UNUSED_VARIABLE = YES;
				IPHONEOS_DEPLOYMENT_TARGET = 16.1;
				MTL_ENABLE_DEBUG_INFO = INCLUDE_SOURCE;
				MTL_FAST_MATH = YES;
				ONLY_ACTIVE_ARCH = YES;
				SDKROOT = iphoneos;
				SWIFT_ACTIVE_COMPILATION_CONDITIONS = DEBUG;
				SWIFT_OPTIMIZATION_LEVEL = "-Onone";
			};
			name = Debug;
		};
		1A434E792B2DAED8003CC180 /* Release */ = {
			isa = XCBuildConfiguration;
			buildSettings = {
				ALWAYS_SEARCH_USER_PATHS = NO;
				CLANG_ANALYZER_NONNULL = YES;
				CLANG_ANALYZER_NUMBER_OBJECT_CONVERSION = YES_AGGRESSIVE;
				CLANG_CXX_LANGUAGE_STANDARD = "gnu++20";
				CLANG_ENABLE_MODULES = YES;
				CLANG_ENABLE_OBJC_ARC = YES;
				CLANG_ENABLE_OBJC_WEAK = YES;
				CLANG_WARN_BLOCK_CAPTURE_AUTORELEASING = YES;
				CLANG_WARN_BOOL_CONVERSION = YES;
				CLANG_WARN_COMMA = YES;
				CLANG_WARN_CONSTANT_CONVERSION = YES;
				CLANG_WARN_DEPRECATED_OBJC_IMPLEMENTATIONS = YES;
				CLANG_WARN_DIRECT_OBJC_ISA_USAGE = YES_ERROR;
				CLANG_WARN_DOCUMENTATION_COMMENTS = YES;
				CLANG_WARN_EMPTY_BODY = YES;
				CLANG_WARN_ENUM_CONVERSION = YES;
				CLANG_WARN_INFINITE_RECURSION = YES;
				CLANG_WARN_INT_CONVERSION = YES;
				CLANG_WARN_NON_LITERAL_NULL_CONVERSION = YES;
				CLANG_WARN_OBJC_IMPLICIT_RETAIN_SELF = YES;
				CLANG_WARN_OBJC_LITERAL_CONVERSION = YES;
				CLANG_WARN_OBJC_ROOT_CLASS = YES_ERROR;
				CLANG_WARN_QUOTED_INCLUDE_IN_FRAMEWORK_HEADER = YES;
				CLANG_WARN_RANGE_LOOP_ANALYSIS = YES;
				CLANG_WARN_STRICT_PROTOTYPES = YES;
				CLANG_WARN_SUSPICIOUS_MOVE = YES;
				CLANG_WARN_UNGUARDED_AVAILABILITY = YES_AGGRESSIVE;
				CLANG_WARN_UNREACHABLE_CODE = YES;
				CLANG_WARN__DUPLICATE_METHOD_MATCH = YES;
				COPY_PHASE_STRIP = NO;
				DEBUG_INFORMATION_FORMAT = "dwarf-with-dsym";
				ENABLE_NS_ASSERTIONS = NO;
				ENABLE_STRICT_OBJC_MSGSEND = YES;
				GCC_C_LANGUAGE_STANDARD = gnu11;
				GCC_NO_COMMON_BLOCKS = YES;
				GCC_WARN_64_TO_32_BIT_CONVERSION = YES;
				GCC_WARN_ABOUT_RETURN_TYPE = YES_ERROR;
				GCC_WARN_UNDECLARED_SELECTOR = YES;
				GCC_WARN_UNINITIALIZED_AUTOS = YES_AGGRESSIVE;
				GCC_WARN_UNUSED_FUNCTION = YES;
				GCC_WARN_UNUSED_VARIABLE = YES;
				IPHONEOS_DEPLOYMENT_TARGET = 16.1;
				MTL_ENABLE_DEBUG_INFO = NO;
				MTL_FAST_MATH = YES;
				SDKROOT = iphoneos;
				SWIFT_COMPILATION_MODE = wholemodule;
				SWIFT_OPTIMIZATION_LEVEL = "-O";
				VALIDATE_PRODUCT = YES;
			};
			name = Release;
		};
		1A434E7B2B2DAED8003CC180 /* Debug */ = {
			isa = XCBuildConfiguration;
			baseConfigurationReference = B75580C2724A8F1FAA8123BA /* Pods-TICProvider.debug.xcconfig */;
			buildSettings = {
				ASSETCATALOG_COMPILER_APPICON_NAME = AppIcon;
				ASSETCATALOG_COMPILER_GLOBAL_ACCENT_COLOR_NAME = AccentColor;
				CODE_SIGN_ENTITLEMENTS = TICProvider/TICProvider.entitlements;
				CODE_SIGN_IDENTITY = "Apple Development";
				"CODE_SIGN_IDENTITY[sdk=iphoneos*]" = "iPhone Developer";
				CODE_SIGN_STYLE = Manual;
				CURRENT_PROJECT_VERSION = 1.0.01;
				DEVELOPMENT_TEAM = "";
				"DEVELOPMENT_TEAM[sdk=iphoneos*]" = ZV498993S5;
				GENERATE_INFOPLIST_FILE = YES;
				INFOPLIST_FILE = TICProvider/Info.plist;
				INFOPLIST_KEY_CFBundleDisplayName = "Tap It Clean Provider";
				INFOPLIST_KEY_LSApplicationCategoryType = "public.app-category.business";
				INFOPLIST_KEY_NSCameraUsageDescription = "Camera access is needed for your profile photo. Ensure trust by letting customers recognize you during pickups.";
				INFOPLIST_KEY_NSLocationAlwaysAndWhenInUseUsageDescription = "Grant location access to provide accurate ETAs. Your location data is private and used only for fulfilling service requests";
				INFOPLIST_KEY_NSLocationAlwaysUsageDescription = "Grant location access to provide accurate ETAs. Your location data is private and used only for fulfilling service requests";
				INFOPLIST_KEY_NSLocationWhenInUseUsageDescription = "Grant location access to provide accurate ETAs. Your location data is private and used only for fulfilling service requests";
				INFOPLIST_KEY_NSPhotoLibraryAddUsageDescription = "Photo library access is needed for your profile photo. Ensure trust by letting customers recognize you during pickups.";
				INFOPLIST_KEY_NSPhotoLibraryUsageDescription = "Photo library access is needed for your profile photo. Ensure trust by letting customers recognize you during pickups.";
				INFOPLIST_KEY_UIApplicationSupportsIndirectInputEvents = YES;
				INFOPLIST_KEY_UILaunchStoryboardName = LaunchScreen;
				INFOPLIST_KEY_UIMainStoryboardFile = Main;
				INFOPLIST_KEY_UIRequiresFullScreen = NO;
				INFOPLIST_KEY_UISupportedInterfaceOrientations = UIInterfaceOrientationPortrait;
				INFOPLIST_KEY_UISupportedInterfaceOrientations_iPad = "UIInterfaceOrientationLandscapeLeft UIInterfaceOrientationLandscapeRight UIInterfaceOrientationPortrait UIInterfaceOrientationPortraitUpsideDown";
				IPHONEOS_DEPLOYMENT_TARGET = 13.0;
				LD_RUNPATH_SEARCH_PATHS = (
					"$(inherited)",
					"@executable_path/Frameworks",
				);
				MARKETING_VERSION = 1.0;
				PRODUCT_BUNDLE_IDENTIFIER = com.tapitclean.provider;
				PRODUCT_NAME = "$(TARGET_NAME)";
				PROVISIONING_PROFILE_SPECIFIER = "";
				"PROVISIONING_PROFILE_SPECIFIER[sdk=iphoneos*]" = TapItCleanProviderDev;
				SWIFT_EMIT_LOC_STRINGS = YES;
				SWIFT_VERSION = 5.0;
				TARGETED_DEVICE_FAMILY = "1,2";
			};
			name = Debug;
		};
		1A434E7C2B2DAED8003CC180 /* Release */ = {
			isa = XCBuildConfiguration;
			baseConfigurationReference = 6AC1A8320679C620B1A9F081 /* Pods-TICProvider.release.xcconfig */;
			buildSettings = {
				ASSETCATALOG_COMPILER_APPICON_NAME = AppIcon;
				ASSETCATALOG_COMPILER_GLOBAL_ACCENT_COLOR_NAME = AccentColor;
				CODE_SIGN_ENTITLEMENTS = TICProvider/TICProvider.entitlements;
				CODE_SIGN_IDENTITY = "Apple Development";
				"CODE_SIGN_IDENTITY[sdk=iphoneos*]" = "iPhone Distribution";
				CODE_SIGN_STYLE = Manual;
				CURRENT_PROJECT_VERSION = 1.0.01;
				DEVELOPMENT_TEAM = "";
				"DEVELOPMENT_TEAM[sdk=iphoneos*]" = ZV498993S5;
				GENERATE_INFOPLIST_FILE = YES;
				INFOPLIST_FILE = TICProvider/Info.plist;
				INFOPLIST_KEY_CFBundleDisplayName = "Tap It Clean Provider";
				INFOPLIST_KEY_LSApplicationCategoryType = "public.app-category.business";
				INFOPLIST_KEY_NSCameraUsageDescription = "Camera access is needed for your profile photo. Ensure trust by letting customers recognize you during pickups.";
				INFOPLIST_KEY_NSLocationAlwaysAndWhenInUseUsageDescription = "Grant location access to provide accurate ETAs. Your location data is private and used only for fulfilling service requests";
				INFOPLIST_KEY_NSLocationAlwaysUsageDescription = "Grant location access to provide accurate ETAs. Your location data is private and used only for fulfilling service requests";
				INFOPLIST_KEY_NSLocationWhenInUseUsageDescription = "Grant location access to provide accurate ETAs. Your location data is private and used only for fulfilling service requests";
				INFOPLIST_KEY_NSPhotoLibraryAddUsageDescription = "Photo library access is needed for your profile photo. Ensure trust by letting customers recognize you during pickups.";
				INFOPLIST_KEY_NSPhotoLibraryUsageDescription = "Photo library access is needed for your profile photo. Ensure trust by letting customers recognize you during pickups.";
				INFOPLIST_KEY_UIApplicationSupportsIndirectInputEvents = YES;
				INFOPLIST_KEY_UILaunchStoryboardName = LaunchScreen;
				INFOPLIST_KEY_UIMainStoryboardFile = Main;
				INFOPLIST_KEY_UIRequiresFullScreen = NO;
				INFOPLIST_KEY_UISupportedInterfaceOrientations = UIInterfaceOrientationPortrait;
				INFOPLIST_KEY_UISupportedInterfaceOrientations_iPad = "UIInterfaceOrientationLandscapeLeft UIInterfaceOrientationLandscapeRight UIInterfaceOrientationPortrait UIInterfaceOrientationPortraitUpsideDown";
				IPHONEOS_DEPLOYMENT_TARGET = 13.0;
				LD_RUNPATH_SEARCH_PATHS = (
					"$(inherited)",
					"@executable_path/Frameworks",
				);
				MARKETING_VERSION = 1.0;
				PRODUCT_BUNDLE_IDENTIFIER = com.tapitclean.provider;
				PRODUCT_NAME = "$(TARGET_NAME)";
				PROVISIONING_PROFILE_SPECIFIER = "";
				"PROVISIONING_PROFILE_SPECIFIER[sdk=iphoneos*]" = TapItCleanProviderDist;
				SWIFT_EMIT_LOC_STRINGS = YES;
				SWIFT_VERSION = 5.0;
				TARGETED_DEVICE_FAMILY = "1,2";
			};
			name = Release;
		};
/* End XCBuildConfiguration section */

/* Begin XCConfigurationList section */
		1A434E612B2DAED5003CC180 /* Build configuration list for PBXProject "TICProvider" */ = {
			isa = XCConfigurationList;
			buildConfigurations = (
				1A434E782B2DAED8003CC180 /* Debug */,
				1A434E792B2DAED8003CC180 /* Release */,
			);
			defaultConfigurationIsVisible = 0;
			defaultConfigurationName = Release;
		};
		1A434E7A2B2DAED8003CC180 /* Build configuration list for PBXNativeTarget "TICProvider" */ = {
			isa = XCConfigurationList;
			buildConfigurations = (
				1A434E7B2B2DAED8003CC180 /* Debug */,
				1A434E7C2B2DAED8003CC180 /* Release */,
			);
			defaultConfigurationIsVisible = 0;
			defaultConfigurationName = Release;
		};
/* End XCConfigurationList section */
	};
	rootObject = 1A434E5E2B2DAED5003CC180 /* Project object */;
}
